
Microsoft Visual Studio Solution File, Format Version 12.00
# Visual Studio Version 17
VisualStudioVersion = 17.10.35004.147
MinimumVisualStudioVersion = 10.0.40219.1
Project("{FAE04EC0-301F-11D3-BF4B-00C04F79EFBC}") = "BanlanAvalonia", "BanlanAvalonia.csproj", "{D266FB17-E133-4E18-8F1E-5482A324EC80}"
EndProject
Project("{9A19103F-16F7-4668-BE54-9A1E7A4F7556}") = "Banlan", "..\Src\Banlan.csproj", "{458EAEEC-F09C-44EF-8199-32E60DDDA05A}"
EndProject
Global
	GlobalSection(SolutionConfigurationPlatforms) = preSolution
		Debug|Any CPU = Debug|Any CPU
		Release|Any CPU = Release|Any CPU
	EndGlobalSection
	GlobalSection(ProjectConfigurationPlatforms) = postSolution
		{D266FB17-E133-4E18-8F1E-5482A324EC80}.Debug|Any CPU.ActiveCfg = Debug|Any CPU
		{D266FB17-E133-4E18-8F1E-5482A324EC80}.Debug|Any CPU.Build.0 = Debug|Any CPU
		{D266FB17-E133-4E18-8F1E-5482A324EC80}.Release|Any CPU.ActiveCfg = Release|Any CPU
		{D266FB17-E133-4E18-8F1E-5482A324EC80}.Release|Any CPU.Build.0 = Release|Any CPU
		{458EAEEC-F09C-44EF-8199-32E60DDDA05A}.Debug|Any CPU.ActiveCfg = Debug|Any CPU
		{458EAEEC-F09C-44EF-8199-32E60DDDA05A}.Debug|Any CPU.Build.0 = Debug|Any CPU
		{458EAEEC-F09C-44EF-8199-32E60DDDA05A}.Release|Any CPU.ActiveCfg = Release|Any CPU
		{458EAEEC-F09C-44EF-8199-32E60DDDA05A}.Release|Any CPU.Build.0 = Release|Any CPU
	EndGlobalSection
	GlobalSection(SolutionProperties) = preSolution
		HideSolutionNode = FALSE
	EndGlobalSection
	GlobalSection(ExtensibilityGlobals) = postSolution
		SolutionGuid = {70571EEF-E326-4CA2-8463-4E33AA385D71}
	EndGlobalSection
EndGlobal
