
Microsoft Visual Studio Solution File, Format Version 12.00
# Visual Studio Version 16
VisualStudioVersion = 16.0.30204.135
MinimumVisualStudioVersion = 10.0.40219.1
Project("{FAE04EC0-301F-11D3-BF4B-00C04F79EFBC}") = "Banlan", "Banlan.csproj", "{5E254D9E-9B77-4DCB-8D60-895E5DBDF682}"
EndProject
Global
	GlobalSection(SolutionConfigurationPlatforms) = preSolution
		Debug|Any CPU = Debug|Any CPU
		Release|Any CPU = Release|Any CPU
	EndGlobalSection
	GlobalSection(ProjectConfigurationPlatforms) = postSolution
		{5E254D9E-9B77-4DCB-8D60-895E5DBDF682}.Debug|Any CPU.ActiveCfg = Debug|Any CPU
		{5E254D9E-9B77-4DCB-8D60-895E5DBDF682}.Debug|Any CPU.Build.0 = Debug|Any CPU
		{5E254D9E-9B77-4DCB-8D60-895E5DBDF682}.Release|Any CPU.ActiveCfg = Release|Any CPU
		{5E254D9E-9B77-4DCB-8D60-895E5DBDF682}.Release|Any CPU.Build.0 = Release|Any CPU
	EndGlobalSection
	GlobalSection(SolutionProperties) = preSolution
		HideSolutionNode = FALSE
	EndGlobalSection
	GlobalSection(ExtensibilityGlobals) = postSolution
		SolutionGuid = {915D535A-3ACA-4D61-AD53-D2395C3806E4}
	EndGlobalSection
EndGlobal
